
Microsoft Visual Studio Solution File, Format Version 12.00
# Visual Studio Version 17
VisualStudioVersion = 17.7.34031.279
MinimumVisualStudioVersion = 10.0.40219.1
Project("{9A19103F-16F7-4668-BE54-9A1E7A4F7556}") = "BakuBas", "BakuBas\BakuBas.csproj", "{579E0E15-5835-467D-B151-DB9D037070FB}"
EndProject
Global
	GlobalSection(SolutionConfigurationPlatforms) = preSolution
		Debug|Any CPU = Debug|Any CPU
		Release|Any CPU = Release|Any CPU
	EndGlobalSection
	GlobalSection(ProjectConfigurationPlatforms) = postSolution
		{579E0E15-5835-467D-B151-DB9D037070FB}.Debug|Any CPU.ActiveCfg = Debug|Any CPU
		{579E0E15-5835-467D-B151-DB9D037070FB}.Debug|Any CPU.Build.0 = Debug|Any CPU
		{579E0E15-5835-467D-B151-DB9D037070FB}.Release|Any CPU.ActiveCfg = Release|Any CPU
		{579E0E15-5835-467D-B151-DB9D037070FB}.Release|Any CPU.Build.0 = Release|Any CPU
	EndGlobalSection
	GlobalSection(SolutionProperties) = preSolution
		HideSolutionNode = FALSE
	EndGlobalSection
	GlobalSection(ExtensibilityGlobals) = postSolution
		SolutionGuid = {A038893E-F62E-4CF3-89B4-402459AF8A62}
	EndGlobalSection
EndGlobal
